# THIS IS AN AUTOGENERATED FILE. DO NOT EDIT THIS FILE DIRECTLY.
# yarn lockfile v1


"@types/libsodium-wrappers-sumo@^0.7.0":
  version "0.7.3"
  resolved "https://registry.yarnpkg.com/@types/libsodium-wrappers-sumo/-/libsodium-wrappers-sumo-0.7.3.tgz#3ce8c613ee1a05ca47bd20dd2e6009ce114a1a04"
  integrity sha512-GlOjW+o7ekitFi2WgGsD0G3ljXudGqPmSASsxr2CMAaCWiTnUdPt8R1QUzuHZ+TxeV60xd6Y++Do9uguK/QBXQ==
  dependencies:
    "@types/libsodium-wrappers" "*"

"@types/libsodium-wrappers@*":
  version "0.7.7"
  resolved "https://registry.yarnpkg.com/@types/libsodium-wrappers/-/libsodium-wrappers-0.7.7.tgz#cdb25e85458612ec80f0157c3815fac187d0b6d2"
  integrity sha512-Li91pVKcLvQJK3ZolwCPo85oxf2gKBCApgnesRxYg4OVYchLXcJB2eivX8S87vfQVv6ZRnyCO1lLDosZGJfpRg==

libsodium-sumo@0.7.6:
  version "0.7.6"
  resolved "https://registry.yarnpkg.com/libsodium-sumo/-/libsodium-sumo-0.7.6.tgz#935a80f95165a2f7d33a77bc8f1cde62130d93dc"
  integrity sha512-1XM2w00YkufeLVhFbw9aV+NTftzqECkEU1Amw2MxCbYuyy4L6MH5y8MWOg3shN6X/9R3e1pp6RCSXPnbFRTVCA==

libsodium-wrappers-sumo@^0.7.3:
  version "0.7.6"
  resolved "https://registry.yarnpkg.com/libsodium-wrappers-sumo/-/libsodium-wrappers-sumo-0.7.6.tgz#0fc9f422470d192370c4213f3c46e41ebda35e77"
  integrity sha512-pwYQ1ZR/UwXBMY4tFDcjYZrBFgexkhRykzcE9Jv0l/J41Tp7PqHYfHA17YpOxIXrAIRBPVSlPo2VxHoGZZKwXA==
  dependencies:
    libsodium-sumo "0.7.6"

typescript@^3.1.1:
  version "3.9.5"
  resolved "https://registry.yarnpkg.com/typescript/-/typescript-3.9.5.tgz#586f0dba300cde8be52dd1ac4f7e1009c1b13f36"
  integrity sha512-hSAifV3k+i6lEoCJ2k6R2Z/rp/H3+8sdmcn5NrS3/3kE7+RyZXm9aqvxWqjEXHAd8b0pShatpcdMTvEdvAJltQ==
