# THIS IS AN AUTOGENERATED FILE. DO NOT EDIT THIS FILE DIRECTLY.
# yarn lockfile v1


"@types/libsodium-wrappers-sumo@^0.7.0":
  version "0.7.5"
  resolved "https://registry.yarnpkg.com/@types/libsodium-wrappers-sumo/-/libsodium-wrappers-sumo-0.7.5.tgz#c5191fc28d44edd39583552bd1855f6b7b77ca88"
  integrity sha512-CL7rmLxw28H/FpFUnMu5BzzRsE+ICxHBpRoaY8ks+3HMsCJdA/Vp809sj+qNhw64Ht0OEnfoN3BC1sHwagoVaw==
  dependencies:
    "@types/libsodium-wrappers" "*"

"@types/libsodium-wrappers@*":
  version "0.7.9"
  resolved "https://registry.yarnpkg.com/@types/libsodium-wrappers/-/libsodium-wrappers-0.7.9.tgz#89c3ad2156d5143e64bce86cfeb0045a983aeccc"
  integrity sha512-LisgKLlYQk19baQwjkBZZXdJL0KbeTpdEnrAfz5hQACbklCY0gVFnsKUyjfNWF1UQsCSjw93Sj5jSbiO8RPfdw==

libsodium-sumo@^0.7.0:
  version "0.7.9"
  resolved "https://registry.yarnpkg.com/libsodium-sumo/-/libsodium-sumo-0.7.9.tgz#dff3d6144849e30d9b9a7bf628d28243f1c49102"
  integrity sha512-DcfJ57zlSlcmQU4s8KOX78pT0zKx5S9RLi0oyDuoIgm4K95+VNSaOidK/y9lUK4lxft14PtTPjoBy8tmLk1TDQ==

libsodium-wrappers-sumo@^0.7.3:
  version "0.7.9"
  resolved "https://registry.yarnpkg.com/libsodium-wrappers-sumo/-/libsodium-wrappers-sumo-0.7.9.tgz#d15a346870c8e339baf1518f06b0ddccfa1e1046"
  integrity sha512-XLgLkqY973PngrRElbjOH0y7bJKYEfMWVpWPmW5iuhBjO6zXvHYQWtN52MVEeie/h98ZXN1Aw9BE+GzxQVAfLg==
  dependencies:
    libsodium-sumo "^0.7.0"

typescript@^3.1.1:
  version "3.9.7"
  resolved "https://registry.yarnpkg.com/typescript/-/typescript-3.9.7.tgz#98d600a5ebdc38f40cb277522f12dc800e9e25fa"
  integrity sha512-BLbiRkiBzAwsjut4x/dsibSTB6yWpwT5qWmC2OfuCg3GgVQCSgMs4vEctYPhsaGtd0AeuuHMkjZ2h2WG8MSzRw==
